PODS:
  - Brightcove-Player-Core/dynamic (6.7.0)

DEPENDENCIES:
  - Brightcove-Player-Core/dynamic

SPEC REPOS:
  https://github.com/brightcove/BrightcoveSpecs.git:
    - Brightcove-Player-Core

SPEC CHECKSUMS:
  Brightcove-Player-Core: a2d39aecb7ffbd45e8107d59660dfea38aa0d57e

PODFILE CHECKSUM: cdbd7098f8d9b86158c0257fd9cd86e18e3869f9

COCOAPODS: 1.6.1
